
Terraform used the selected providers to generate the following execution
plan. Resource actions are indicated with the following symbols:
  + create

Terraform will perform the following actions:

  # module.comet_ecr.aws_ecr_lifecycle_policy.this will be created
  + resource "aws_ecr_lifecycle_policy" "this" {
      + id          = (known after apply)
      + policy      = jsonencode(
            {
              + rules = [
                  + {
                      + action       = {
                          + type = "expire"
                        }
                      + description  = "Keep last 300 images"
                      + rulePriority = 1
                      + selection    = {
                          + countNumber = 300
                          + countType   = "imageCountMoreThan"
                          + tagStatus   = "any"
                        }
                    },
                ]
            }
        )
      + registry_id = (known after apply)
      + repository  = "comet_ecr"
    }

  # module.comet_ecr.aws_ecr_repository.this will be created
  + resource "aws_ecr_repository" "this" {
      + arn                  = (known after apply)
      + id                   = (known after apply)
      + image_tag_mutability = "MUTABLE"
      + name                 = "comet_ecr"
      + registry_id          = (known after apply)
      + repository_url       = (known after apply)
      + tags                 = {
          + "Name" = "comet_ecr"
        }
      + tags_all             = {
          + "Environment" = "dev"
          + "Name"        = "comet_ecr"
          + "Owner"       = "Bazit"
          + "Project"     = "comet"
        }
    }

Plan: 2 to add, 0 to change, 0 to destroy.

─────────────────────────────────────────────────────────────────────────────

Note: You didn't use the -out option to save this plan, so Terraform can't
guarantee to take exactly these actions if you run "terraform apply" now.
